
Microsoft Visual Studio Solution File, Format Version 12.00
Project("{FAE04EC0-301F-11D3-BF4B-00C04F79EFBC}") = "homework4.1", "homework4.1\homework4.1.csproj", "{1B464B82-E3DE-4B7A-ABB1-EF6777AA8E9B}"
EndProject
Project("{FAE04EC0-301F-11D3-BF4B-00C04F79EFBC}") = "homework4.2", "homework4.2\homework4.2.csproj", "{96FD2937-3A30-4CD4-AD74-DCD2217FA7B8}"
EndProject
Project("{FAE04EC0-301F-11D3-BF4B-00C04F79EFBC}") = "homework4.3", "homework4.3\homework4.3.csproj", "{E8A45558-DEBF-407F-8F51-963533B54D29}"
EndProject
Project("{FAE04EC0-301F-11D3-BF4B-00C04F79EFBC}") = "homework4.4", "homework4.4\homework4.4.csproj", "{94AE0754-3C7A-4873-87DD-F305B36312CD}"
EndProject
Project("{FAE04EC0-301F-11D3-BF4B-00C04F79EFBC}") = "homework4.5", "homework4.5\homework4.5.csproj", "{C747CA65-5075-4E6A-9136-4FC80F11BAFF}"
EndProject
Project("{FAE04EC0-301F-11D3-BF4B-00C04F79EFBC}") = "homework4.6d", "homework4.6d\homework4.6d.csproj", "{4BBFFC86-FA7F-4F2E-8E7F-56D75EFD3323}"
EndProject
Project("{FAE04EC0-301F-11D3-BF4B-00C04F79EFBC}") = "homework4.7d", "homework4.7d\homework4.7d.csproj", "{ED8531C3-317E-4037-BBB4-9D97A125B87E}"
EndProject
Global
	GlobalSection(SolutionConfigurationPlatforms) = preSolution
		Debug|Any CPU = Debug|Any CPU
		Release|Any CPU = Release|Any CPU
	EndGlobalSection
	GlobalSection(ProjectConfigurationPlatforms) = postSolution
		{1B464B82-E3DE-4B7A-ABB1-EF6777AA8E9B}.Debug|Any CPU.ActiveCfg = Debug|Any CPU
		{1B464B82-E3DE-4B7A-ABB1-EF6777AA8E9B}.Debug|Any CPU.Build.0 = Debug|Any CPU
		{1B464B82-E3DE-4B7A-ABB1-EF6777AA8E9B}.Release|Any CPU.ActiveCfg = Release|Any CPU
		{1B464B82-E3DE-4B7A-ABB1-EF6777AA8E9B}.Release|Any CPU.Build.0 = Release|Any CPU
		{96FD2937-3A30-4CD4-AD74-DCD2217FA7B8}.Debug|Any CPU.ActiveCfg = Debug|Any CPU
		{96FD2937-3A30-4CD4-AD74-DCD2217FA7B8}.Debug|Any CPU.Build.0 = Debug|Any CPU
		{96FD2937-3A30-4CD4-AD74-DCD2217FA7B8}.Release|Any CPU.ActiveCfg = Release|Any CPU
		{96FD2937-3A30-4CD4-AD74-DCD2217FA7B8}.Release|Any CPU.Build.0 = Release|Any CPU
		{E8A45558-DEBF-407F-8F51-963533B54D29}.Debug|Any CPU.ActiveCfg = Debug|Any CPU
		{E8A45558-DEBF-407F-8F51-963533B54D29}.Debug|Any CPU.Build.0 = Debug|Any CPU
		{E8A45558-DEBF-407F-8F51-963533B54D29}.Release|Any CPU.ActiveCfg = Release|Any CPU
		{E8A45558-DEBF-407F-8F51-963533B54D29}.Release|Any CPU.Build.0 = Release|Any CPU
		{94AE0754-3C7A-4873-87DD-F305B36312CD}.Debug|Any CPU.ActiveCfg = Debug|Any CPU
		{94AE0754-3C7A-4873-87DD-F305B36312CD}.Debug|Any CPU.Build.0 = Debug|Any CPU
		{94AE0754-3C7A-4873-87DD-F305B36312CD}.Release|Any CPU.ActiveCfg = Release|Any CPU
		{94AE0754-3C7A-4873-87DD-F305B36312CD}.Release|Any CPU.Build.0 = Release|Any CPU
		{C747CA65-5075-4E6A-9136-4FC80F11BAFF}.Debug|Any CPU.ActiveCfg = Debug|Any CPU
		{C747CA65-5075-4E6A-9136-4FC80F11BAFF}.Debug|Any CPU.Build.0 = Debug|Any CPU
		{C747CA65-5075-4E6A-9136-4FC80F11BAFF}.Release|Any CPU.ActiveCfg = Release|Any CPU
		{C747CA65-5075-4E6A-9136-4FC80F11BAFF}.Release|Any CPU.Build.0 = Release|Any CPU
		{4BBFFC86-FA7F-4F2E-8E7F-56D75EFD3323}.Debug|Any CPU.ActiveCfg = Debug|Any CPU
		{4BBFFC86-FA7F-4F2E-8E7F-56D75EFD3323}.Debug|Any CPU.Build.0 = Debug|Any CPU
		{4BBFFC86-FA7F-4F2E-8E7F-56D75EFD3323}.Release|Any CPU.ActiveCfg = Release|Any CPU
		{4BBFFC86-FA7F-4F2E-8E7F-56D75EFD3323}.Release|Any CPU.Build.0 = Release|Any CPU
		{ED8531C3-317E-4037-BBB4-9D97A125B87E}.Debug|Any CPU.ActiveCfg = Debug|Any CPU
		{ED8531C3-317E-4037-BBB4-9D97A125B87E}.Debug|Any CPU.Build.0 = Debug|Any CPU
		{ED8531C3-317E-4037-BBB4-9D97A125B87E}.Release|Any CPU.ActiveCfg = Release|Any CPU
		{ED8531C3-317E-4037-BBB4-9D97A125B87E}.Release|Any CPU.Build.0 = Release|Any CPU
	EndGlobalSection
EndGlobal
